
Microsoft Visual Studio Solution File, Format Version 12.00
# Visual Studio Version 17
VisualStudioVersion = 17.1.32421.90
MinimumVisualStudioVersion = 10.0.40219.1
Project("{FAE04EC0-301F-11D3-BF4B-00C04F79EFBC}") = "ToysShop", "ToysShop\ToysShop.csproj", "{C5098C0A-139A-45C0-A615-79AD587AE117}"
EndProject
Global
	GlobalSection(SolutionConfigurationPlatforms) = preSolution
		Debug|Any CPU = Debug|Any CPU
		Release|Any CPU = Release|Any CPU
	EndGlobalSection
	GlobalSection(ProjectConfigurationPlatforms) = postSolution
		{C5098C0A-139A-45C0-A615-79AD587AE117}.Debug|Any CPU.ActiveCfg = Debug|Any CPU
		{C5098C0A-139A-45C0-A615-79AD587AE117}.Debug|Any CPU.Build.0 = Debug|Any CPU
		{C5098C0A-139A-45C0-A615-79AD587AE117}.Release|Any CPU.ActiveCfg = Release|Any CPU
		{C5098C0A-139A-45C0-A615-79AD587AE117}.Release|Any CPU.Build.0 = Release|Any CPU
	EndGlobalSection
	GlobalSection(SolutionProperties) = preSolution
		HideSolutionNode = FALSE
	EndGlobalSection
	GlobalSection(ExtensibilityGlobals) = postSolution
		SolutionGuid = {025423C8-6821-45D4-A066-661CAD719CF6}
	EndGlobalSection
EndGlobal
